
Microsoft Visual Studio Solution File, Format Version 12.00
# Visual Studio Version 17
VisualStudioVersion = 17.13.35919.96 d17.13
MinimumVisualStudioVersion = 10.0.40219.1
Project("{FAE04EC0-301F-11D3-BF4B-00C04F79EFBC}") = "lab4_c#", "lab4_c#.csproj", "{20F62956-DE71-401B-B766-17EB78A24882}"
EndProject
Global
	GlobalSection(SolutionConfigurationPlatforms) = preSolution
		Debug|Any CPU = Debug|Any CPU
		Release|Any CPU = Release|Any CPU
	EndGlobalSection
	GlobalSection(ProjectConfigurationPlatforms) = postSolution
		{20F62956-DE71-401B-B766-17EB78A24882}.Debug|Any CPU.ActiveCfg = Debug|Any CPU
		{20F62956-DE71-401B-B766-17EB78A24882}.Debug|Any CPU.Build.0 = Debug|Any CPU
		{20F62956-DE71-401B-B766-17EB78A24882}.Release|Any CPU.ActiveCfg = Release|Any CPU
		{20F62956-DE71-401B-B766-17EB78A24882}.Release|Any CPU.Build.0 = Release|Any CPU
	EndGlobalSection
	GlobalSection(SolutionProperties) = preSolution
		HideSolutionNode = FALSE
	EndGlobalSection
	GlobalSection(ExtensibilityGlobals) = postSolution
		SolutionGuid = {3D3EB5FD-EBDC-4487-BF02-E4108BBFAC3B}
	EndGlobalSection
EndGlobal
