
Microsoft Visual Studio Solution File, Format Version 12.00
# Visual Studio Version 17
VisualStudioVersion = 17.13.35919.96
MinimumVisualStudioVersion = 10.0.40219.1
Project("{FAE04EC0-301F-11D3-BF4B-00C04F79EFBC}") = "lab5_c#", "lab5_c#.csproj", "{7D918BE2-365F-4D8D-9546-D0697BD2DED7}"
EndProject
Global
	GlobalSection(SolutionConfigurationPlatforms) = preSolution
		Debug|Any CPU = Debug|Any CPU
		Release|Any CPU = Release|Any CPU
	EndGlobalSection
	GlobalSection(ProjectConfigurationPlatforms) = postSolution
		{7D918BE2-365F-4D8D-9546-D0697BD2DED7}.Debug|Any CPU.ActiveCfg = Debug|Any CPU
		{7D918BE2-365F-4D8D-9546-D0697BD2DED7}.Debug|Any CPU.Build.0 = Debug|Any CPU
		{7D918BE2-365F-4D8D-9546-D0697BD2DED7}.Release|Any CPU.ActiveCfg = Release|Any CPU
		{7D918BE2-365F-4D8D-9546-D0697BD2DED7}.Release|Any CPU.Build.0 = Release|Any CPU
	EndGlobalSection
	GlobalSection(SolutionProperties) = preSolution
		HideSolutionNode = FALSE
	EndGlobalSection
	GlobalSection(ExtensibilityGlobals) = postSolution
		SolutionGuid = {2BC05053-0252-45FD-92A4-785E9B88B218}
	EndGlobalSection
EndGlobal
